# THIS IS AN AUTOGENERATED FILE. DO NOT EDIT THIS FILE DIRECTLY.
# yarn lockfile v1


es6-promisify@^6.0.0:
  version "6.0.0"
  resolved "https://registry.yarnpkg.com/es6-promisify/-/es6-promisify-6.0.0.tgz#b526a75eaa5ca600e960bf3d5ad98c40d75c7203"

prettier@^1.10.2:
  version "1.10.2"
  resolved "https://registry.yarnpkg.com/prettier/-/prettier-1.10.2.tgz#1af8356d1842276a99a5b5529c82dd9e9ad3cc93"

pretty-data@^0.40.0:
  version "0.40.0"
  resolved "https://registry.yarnpkg.com/pretty-data/-/pretty-data-0.40.0.tgz#572aa8ea23467467ab94b6b5266a6fd9c8fddd72"

sax@>=0.6.0:
  version "1.2.4"
  resolved "https://registry.yarnpkg.com/sax/-/sax-1.2.4.tgz#2816234e2378bddc4e5354fab5caa895df7100d9"

svg-pathdata@^4.0.1:
  version "4.0.1"
  resolved "https://registry.yarnpkg.com/svg-pathdata/-/svg-pathdata-4.0.1.tgz#7d880d05140ef3bda312c72a023db733e9d8ef7a"

xml2js@^0.4.19:
  version "0.4.19"
  resolved "https://registry.yarnpkg.com/xml2js/-/xml2js-0.4.19.tgz#686c20f213209e94abf0d1bcf1efaa291c7827a7"
  dependencies:
    sax ">=0.6.0"
    xmlbuilder "~9.0.1"

xmlbuilder@~9.0.1:
  version "9.0.6"
  resolved "https://registry.yarnpkg.com/xmlbuilder/-/xmlbuilder-9.0.6.tgz#7c826d8d86f47884b05872cbe9d27b01bed503f6"
